{
  "nodes": {
    "flake-file": {
      "locked": {
        "lastModified": 1781217157,
        "narHash": "sha256-N3q/SP2Ropk336e9KSgLh7kpROY6P70dprYdbPIfd5c=",
        "owner": "vic",
        "repo": "flake-file",
        "rev": "ce63eaf7ebfe04a176653f66385a7f0a36380cee",
        "type": "github"
      },
      "original": {
        "owner": "vic",
        "repo": "flake-file",
        "type": "github"
      }
    },
    "flake-parts": {
      "inputs": {
        "nixpkgs-lib": [
          "phenix-pins",
          "nixpkgs"
        ]
      },
      "locked": {
        "lastModified": 1782949081,
        "narHash": "sha256-vp6Y/Grm98ESt6ceOkWiHWyZRDV3J1RID4w+6NWK9yA=",
        "owner": "hercules-ci",
        "repo": "flake-parts",
        "rev": "17c9d6cdfc60c64f4ee8d306f9bc0b4ccb51481e",
        "type": "github"
      },
      "original": {
        "owner": "hercules-ci",
        "repo": "flake-parts",
        "type": "github"
      }
    },
    "home-manager": {
      "inputs": {
        "nixpkgs": [
          "phenix-pins",
          "nixpkgs"
        ]
      },
      "locked": {
        "lastModified": 1783963347,
        "narHash": "sha256-r376E2XpakiXwModDHIxlvB6qLq4iFVEq730vxOO4JY=",
        "owner": "nix-community",
        "repo": "home-manager",
        "rev": "a45a7c451455a51ae740ec3bce4024b312809c29",
        "type": "github"
      },
      "original": {
        "owner": "nix-community",
        "repo": "home-manager",
        "type": "github"
      }
    },
    "import-tree": {
      "locked": {
        "lastModified": 1778781969,
        "narHash": "sha256-Jjuz5CmSkur8KvLDoGa+vylEp+RkQtv4mt/qcMznpH0=",
        "owner": "vic",
        "repo": "import-tree",
        "rev": "d321337efd0f23a9eb14a42adb7b2c29313ab274",
        "type": "github"
      },
      "original": {
        "owner": "vic",
        "repo": "import-tree",
        "type": "github"
      }
    },
    "nixpkgs": {
      "locked": {
        "lastModified": 1783776592,
        "narHash": "sha256-UgCQzxeWI75XM8G+hPrPh+MKzEPjG3SpAj7dtqSbksA=",
        "owner": "NixOS",
        "repo": "nixpkgs",
        "rev": "e7a3ca8092b61ff85b6a45bf863ea2b2d6a661b3",
        "type": "github"
      },
      "original": {
        "owner": "NixOS",
        "ref": "nixos-unstable",
        "repo": "nixpkgs",
        "type": "github"
      }
    },
    "nixpkgs-stable": {
      "locked": {
        "lastModified": 1751274312,
        "narHash": "sha256-/bVBlRpECLVzjV19t5KMdMFWSwKLtb5RyXdjz3LJT+g=",
        "owner": "NixOS",
        "repo": "nixpkgs",
        "rev": "50ab793786d9de88ee30ec4e4c24fb4236fc2674",
        "type": "github"
      },
      "original": {
        "owner": "NixOS",
        "ref": "nixos-24.11",
        "repo": "nixpkgs",
        "type": "github"
      }
    },
    "nixpkgs-unstable": {
      "locked": {
        "lastModified": 1783776592,
        "narHash": "sha256-UgCQzxeWI75XM8G+hPrPh+MKzEPjG3SpAj7dtqSbksA=",
        "owner": "NixOS",
        "repo": "nixpkgs",
        "rev": "e7a3ca8092b61ff85b6a45bf863ea2b2d6a661b3",
        "type": "github"
      },
      "original": {
        "owner": "NixOS",
        "ref": "nixos-unstable",
        "repo": "nixpkgs",
        "type": "github"
      }
    },
    "phenix-agent-harness": {
      "inputs": {
        "nixpkgs": [
          "phenix-agent-harness",
          "phenix-pins",
          "nixpkgs"
        ],
        "phenix-flake-ci": [
          "phenix-flake-ci"
        ],
        "phenix-pins": [
          "phenix-pins"
        ],
        "phenix-stitch": [
          "phenix-stitch"
        ]
      },
      "locked": {
        "lastModified": 1787142445,
        "narHash": "sha256-9vsFl5TVCETYn48YHzCcRjo3YmD0knha6WKai7RqyP0=",
        "owner": "matthis-k",
        "repo": "phenix-agent-harness",
        "rev": "9b38ffad79a96a09e418f23b69b1efb605e44c98",
        "type": "github"
      },
      "original": {
        "owner": "matthis-k",
        "repo": "phenix-agent-harness",
        "type": "github"
      }
    },
    "phenix-flake-ci": {
      "locked": {
        "lastModified": 1786322520,
        "narHash": "sha256-8LbEQNX1aauvL8ONqS5oOACua2J5UnaYsFtZ/+Gwj44=",
        "owner": "matthis-k",
        "repo": "phenix-flake-ci",
        "rev": "aa7200c9b1a9f256543f482a835be6a44e677d02",
        "type": "github"
      },
      "original": {
        "owner": "matthis-k",
        "repo": "phenix-flake-ci",
        "type": "github"
      }
    },
    "phenix-pins": {
      "inputs": {
        "flake-file": "flake-file",
        "flake-parts": "flake-parts",
        "home-manager": "home-manager",
        "import-tree": "import-tree",
        "nixpkgs": "nixpkgs",
        "nixpkgs-stable": "nixpkgs-stable",
        "nixpkgs-unstable": "nixpkgs-unstable",
        "phenix-flake-ci": [
          "phenix-flake-ci"
        ],
        "sops-nix": "sops-nix"
      },
      "locked": {
        "lastModified": 1786402137,
        "narHash": "sha256-HKXu/kiuVhyQknSf3hUEBbfSlhyiLbAT9tyLVWC0Os0=",
        "owner": "matthis-k",
        "repo": "phenix-pins",
        "rev": "c6605da679d1d4f4f17ccdb1e40090297c8ed24a",
        "type": "github"
      },
      "original": {
        "owner": "matthis-k",
        "repo": "phenix-pins",
        "type": "github"
      }
    },
    "phenix-stitch": {
      "inputs": {
        "flake-parts": [
          "flake-parts"
        ],
        "nixpkgs": [
          "phenix-stitch",
          "phenix-pins",
          "nixpkgs"
        ],
        "phenix-flake-ci": [
          "phenix-flake-ci"
        ],
        "phenix-pins": [
          "phenix-pins"
        ]
      },
      "locked": {
        "lastModified": 1786402591,
        "narHash": "sha256-kHCoWAL24Cijbrrpx3Vfwqomp9cz/xZPhc8v2QZquq8=",
        "owner": "matthis-k",
        "repo": "phenix-stitch",
        "rev": "1fea2ac04b57e93ff6c1288429fd43a83ff3ba74",
        "type": "github"
      },
      "original": {
        "owner": "matthis-k",
        "repo": "phenix-stitch",
        "type": "github"
      }
    },
    "root": {
      "inputs": {
        "flake-parts": [
          "phenix-pins",
          "flake-parts"
        ],
        "nixpkgs": [
          "phenix-pins",
          "nixpkgs"
        ],
        "phenix-agent-harness": "phenix-agent-harness",
        "phenix-flake-ci": "phenix-flake-ci",
        "phenix-pins": "phenix-pins",
        "phenix-stitch": "phenix-stitch"
      }
    },
    "sops-nix": {
      "inputs": {
        "nixpkgs": [
          "phenix-pins",
          "nixpkgs"
        ]
      },
      "locked": {
        "lastModified": 1783174389,
        "narHash": "sha256-aCWC8ngycU7OdJrU2+Je3qf+1a2ykuBvpPhZT/9tXMc=",
        "owner": "Mic92",
        "repo": "sops-nix",
        "rev": "f1406619a3884cd5c47992a70b8b35c9c0fcb4c9",
        "type": "github"
      },
      "original": {
        "owner": "Mic92",
        "repo": "sops-nix",
        "type": "github"
      }
    }
  },
  "root": "root",
  "version": 7
}
